
Microsoft Visual Studio Solution File, Format Version 12.00
# Visual Studio Version 17
VisualStudioVersion = 17.0.31903.59
MinimumVisualStudioVersion = 10.0.40219.1
Project("{FAE04EC0-301F-11D3-BF4B-00C04F79EFBC}") = "exemploFundamentos", "ExmploFundamentos\exemploFundamentos.csproj", "{515E2B49-E318-4E25-9DA6-3C8336FAE46D}"
EndProject
Project("{FAE04EC0-301F-11D3-BF4B-00C04F79EFBC}") = "ExemploFundamentos.Common", "ExemploFundamentos.Common\ExemploFundamentos.Common.csproj", "{B1904359-06A9-4942-BBC0-ED1993FF61A2}"
EndProject
Global
	GlobalSection(SolutionConfigurationPlatforms) = preSolution
		Debug|Any CPU = Debug|Any CPU
		Release|Any CPU = Release|Any CPU
	EndGlobalSection
	GlobalSection(SolutionProperties) = preSolution
		HideSolutionNode = FALSE
	EndGlobalSection
	GlobalSection(ProjectConfigurationPlatforms) = postSolution
		{515E2B49-E318-4E25-9DA6-3C8336FAE46D}.Debug|Any CPU.ActiveCfg = Debug|Any CPU
		{515E2B49-E318-4E25-9DA6-3C8336FAE46D}.Debug|Any CPU.Build.0 = Debug|Any CPU
		{515E2B49-E318-4E25-9DA6-3C8336FAE46D}.Release|Any CPU.ActiveCfg = Release|Any CPU
		{515E2B49-E318-4E25-9DA6-3C8336FAE46D}.Release|Any CPU.Build.0 = Release|Any CPU
		{B1904359-06A9-4942-BBC0-ED1993FF61A2}.Debug|Any CPU.ActiveCfg = Debug|Any CPU
		{B1904359-06A9-4942-BBC0-ED1993FF61A2}.Debug|Any CPU.Build.0 = Debug|Any CPU
		{B1904359-06A9-4942-BBC0-ED1993FF61A2}.Release|Any CPU.ActiveCfg = Release|Any CPU
		{B1904359-06A9-4942-BBC0-ED1993FF61A2}.Release|Any CPU.Build.0 = Release|Any CPU
	EndGlobalSection
EndGlobal
